<?xml version="1.0" encoding="utf-8"?>
<Project ToolsVersion="4.0" xmlns="http://schemas.microsoft.com/developer/msbuild/2003">
  <ItemGroup>
    <Filter Include="Source Files">
      <UniqueIdentifier>{4FC737F1-C7A5-4376-A066-2A32D752A2FF}</UniqueIdentifier>
      <Extensions>cpp;c;cc;cxx;def;odl;idl;hpj;bat;asm;asmx</Extensions>
    </Filter>
    <Filter Include="Header Files">
      <UniqueIdentifier>{93995380-89BD-4b04-88EB-625FBE52EBFB}</UniqueIdentifier>
      <Extensions>h;hh;hpp;hxx;hm;inl;inc;xsd</Extensions>
    </Filter>
    <Filter Include="Resource Files">
      <UniqueIdentifier>{67DA6AB6-F800-4c08-8B7A-83BB121AAD01}</UniqueIdentifier>
      <Extensions>rc;ico;cur;bmp;dlg;rc2;rct;bin;rgs;gif;jpg;jpeg;jpe;resx;tiff;tif;png;wav;mfcribbon-ms</Extensions>
    </Filter>
    <Filter Include="Source Files\mywork">
      <UniqueIdentifier>{75233d8a-70f1-4e7f-8d53-812ef9e12bfe}</UniqueIdentifier>
    </Filter>
    <Filter Include="Header Files\mywork">
      <UniqueIdentifier>{4c2bd706-4af3-4aac-8e5c-512d984fd023}</UniqueIdentifier>
    </Filter>
    <Filter Include="Source Files\ParticleStuff">
      <UniqueIdentifier>{d974f6ca-bf2a-4a53-8327-a3117c2f4ab6}</UniqueIdentifier>
    </Filter>
    <Filter Include="Header Files\ParticleStuff">
      <UniqueIdentifier>{7733b564-2653-482b-8693-e18528af9995}</UniqueIdentifier>
    </Filter>
  </ItemGroup>
  <ItemGroup>
    <ClCompile Include="Main.cpp">
      <Filter>Source Files</Filter>
    </ClCompile>
    <ClCompile Include="Level.cpp">
      <Filter>Source Files</Filter>
    </ClCompile>
    <ClCompile Include="BulletHelper.cpp">
      <Filter>Source Files</Filter>
    </ClCompile>
    <ClCompile Include="Player.cpp">
      <Filter>Source Files\mywork</Filter>
    </ClCompile>
    <ClCompile Include="Enemy.cpp">
      <Filter>Source Files</Filter>
    </ClCompile>
    <ClCompile Include="Enemy.cpp">
      <Filter>Source Files</Filter>
    </ClCompile>
    <ClCompile Include="Projectile.cpp">
      <Filter>Source Files</Filter>
    </ClCompile>
    <ClCompile Include="GameWorld.cpp">
      <Filter>Source Files\mywork</Filter>
    </ClCompile>
    <ClCompile Include="ParticleManager.cpp">
      <Filter>Source Files</Filter>
    </ClCompile>
    <ClCompile Include="Common.cpp">
      <Filter>Source Files</Filter>
    </ClCompile>
    <ClCompile Include="ParticleSettings.cpp">
      <Filter>Source Files</Filter>
    </ClCompile>
    <ClCompile Include="CParticleAnimatedMeshSceneNodeEmitter.cpp">
      <Filter>Source Files\ParticleStuff</Filter>
    </ClCompile>
    <ClCompile Include="CParticlePointEmitter.cpp">
      <Filter>Source Files\ParticleStuff</Filter>
    </ClCompile>
    <ClCompile Include="CParticleRingEmitter.cpp">
      <Filter>Source Files\ParticleStuff</Filter>
    </ClCompile>
    <ClCompile Include="CParticleRotationAffector.cpp">
      <Filter>Source Files\ParticleStuff</Filter>
    </ClCompile>
    <ClCompile Include="CParticleScaleAffector.cpp">
      <Filter>Source Files\ParticleStuff</Filter>
    </ClCompile>
    <ClCompile Include="CParticleSphereEmitter.cpp">
      <Filter>Source Files\ParticleStuff</Filter>
    </ClCompile>
    <ClCompile Include="CParticleSystemSceneNode.cpp">
      <Filter>Source Files\ParticleStuff</Filter>
    </ClCompile>
    <ClCompile Include="CParticleAttractionAffector.cpp">
      <Filter>Source Files\ParticleStuff</Filter>
    </ClCompile>
    <ClCompile Include="CParticleBoxEmitter.cpp">
      <Filter>Source Files\ParticleStuff</Filter>
    </ClCompile>
    <ClCompile Include="CParticleCylinderEmitter.cpp">
      <Filter>Source Files\ParticleStuff</Filter>
    </ClCompile>
    <ClCompile Include="CParticleFadeOutAffector.cpp">
      <Filter>Source Files\ParticleStuff</Filter>
    </ClCompile>
    <ClCompile Include="CParticleGravityAffector.cpp">
      <Filter>Source Files\ParticleStuff</Filter>
    </ClCompile>
    <ClCompile Include="CParticleMeshEmitter.cpp">
      <Filter>Source Files\ParticleStuff</Filter>
    </ClCompile>
    <ClCompile Include="os.cpp">
      <Filter>Source Files\ParticleStuff</Filter>
    </ClCompile>
  </ItemGroup>
  <ItemGroup>
    <ClInclude Include="Level.h">
      <Filter>Header Files</Filter>
    </ClInclude>
    <ClInclude Include="BulletHelper.h">
      <Filter>Header Files</Filter>
    </ClInclude>
    <ClInclude Include="Enemy.h">
      <Filter>Header Files</Filter>
    </ClInclude>
    <ClInclude Include="Enemy.h">
      <Filter>Header Files</Filter>
    </ClInclude>
    <ClInclude Include="Projectile.h">
      <Filter>Header Files</Filter>
    </ClInclude>
    <ClInclude Include="InputReceiver.h">
      <Filter>Header Files\mywork</Filter>
    </ClInclude>
    <ClInclude Include="Player.h">
      <Filter>Header Files\mywork</Filter>
    </ClInclude>
    <ClInclude Include="GameWorld.h">
      <Filter>Header Files\mywork</Filter>
    </ClInclude>
    <ClInclude Include="IGameObject.h">
      <Filter>Header Files\mywork</Filter>
    </ClInclude>
    <ClInclude Include="Common.h">
      <Filter>Header Files</Filter>
    </ClInclude>
    <ClInclude Include="ParticleManager.h">
      <Filter>Header Files</Filter>
    </ClInclude>
    <ClInclude Include="ParticleSettings.h">
      <Filter>Header Files</Filter>
    </ClInclude>
    <ClInclude Include="CParticleAttractionAffector.h">
      <Filter>Header Files\ParticleStuff</Filter>
    </ClInclude>
    <ClInclude Include="CParticleBoxEmitter.h">
      <Filter>Header Files\ParticleStuff</Filter>
    </ClInclude>
    <ClInclude Include="CParticleCylinderEmitter.h">
      <Filter>Header Files\ParticleStuff</Filter>
    </ClInclude>
    <ClInclude Include="CParticleFadeOutAffector.h">
      <Filter>Header Files\ParticleStuff</Filter>
    </ClInclude>
    <ClInclude Include="CParticleGravityAffector.h">
      <Filter>Header Files\ParticleStuff</Filter>
    </ClInclude>
    <ClInclude Include="CParticleMeshEmitter.h">
      <Filter>Header Files\ParticleStuff</Filter>
    </ClInclude>
    <ClInclude Include="CParticlePointEmitter.h">
      <Filter>Header Files\ParticleStuff</Filter>
    </ClInclude>
    <ClInclude Include="CParticleRingEmitter.h">
      <Filter>Header Files\ParticleStuff</Filter>
    </ClInclude>
    <ClInclude Include="CParticleRotationAffector.h">
      <Filter>Header Files\ParticleStuff</Filter>
    </ClInclude>
    <ClInclude Include="CParticleScaleAffector.h">
      <Filter>Header Files\ParticleStuff</Filter>
    </ClInclude>
    <ClInclude Include="CParticleSphereEmitter.h">
      <Filter>Header Files\ParticleStuff</Filter>
    </ClInclude>
    <ClInclude Include="CParticleSystemSceneNode.h">
      <Filter>Header Files\ParticleStuff</Filter>
    </ClInclude>
    <ClInclude Include="CParticleAnimatedMeshSceneNodeEmitter.h">
      <Filter>Header Files\ParticleStuff</Filter>
    </ClInclude>
    <ClInclude Include="os.h">
      <Filter>Header Files\ParticleStuff</Filter>
    </ClInclude>
  </ItemGroup>
</Project>